{
  "lockfileVersion": 1,
  "configVersion": 1,
  "workspaces": {
    "": {
      "dependencies": {
        "nodemailer": "^8.0.1",
        "stripe": "^20.3.1",
      },
    },
  },
  "packages": {
    "nodemailer": ["nodemailer@8.0.1", "", {}, "sha512-5kcldIXmaEjZcHR6F28IKGSgpmZHaF1IXLWFTG+Xh3S+Cce4MiakLtWY+PlBU69fLbRa8HlaGIrC/QolUpHkhg=="],

    "stripe": ["stripe@20.3.1", "", { "peerDependencies": { "@types/node": ">=16" }, "optionalPeers": ["@types/node"] }, "sha512-k990yOT5G5rhX3XluRPw5Y8RLdJDW4dzQ29wWT66piHrbnM2KyamJ1dKgPsw4HzGHRWjDiSSdcI2WdxQUPV3aQ=="],
  }
}
